
Microsoft Visual Studio Solution File, Format Version 12.00
# Visual Studio Version 17
VisualStudioVersion = 17.7.34024.191
MinimumVisualStudioVersion = 10.0.40219.1
Project("{FAE04EC0-301F-11D3-BF4B-00C04F79EFBC}") = "backend", "backend.csproj", "{FBB1B4E7-BF07-46EE-80E9-E11AAD2FC3B3}"
EndProject
Global
	GlobalSection(SolutionConfigurationPlatforms) = preSolution
		Debug|Any CPU = Debug|Any CPU
		Release|Any CPU = Release|Any CPU
	EndGlobalSection
	GlobalSection(ProjectConfigurationPlatforms) = postSolution
		{FBB1B4E7-BF07-46EE-80E9-E11AAD2FC3B3}.Debug|Any CPU.ActiveCfg = Debug|Any CPU
		{FBB1B4E7-BF07-46EE-80E9-E11AAD2FC3B3}.Debug|Any CPU.Build.0 = Debug|Any CPU
		{FBB1B4E7-BF07-46EE-80E9-E11AAD2FC3B3}.Release|Any CPU.ActiveCfg = Release|Any CPU
		{FBB1B4E7-BF07-46EE-80E9-E11AAD2FC3B3}.Release|Any CPU.Build.0 = Release|Any CPU
	EndGlobalSection
	GlobalSection(SolutionProperties) = preSolution
		HideSolutionNode = FALSE
	EndGlobalSection
	GlobalSection(ExtensibilityGlobals) = postSolution
		SolutionGuid = {13BB01FF-EE72-4B02-A12B-47DDAF04C0F5}
	EndGlobalSection
EndGlobal
